
Microsoft Visual Studio Solution File, Format Version 12.00
# Visual Studio Version 16
VisualStudioVersion = 16.0.31702.278
MinimumVisualStudioVersion = 10.0.40219.1
Project("{FAE04EC0-301F-11D3-BF4B-00C04F79EFBC}") = "Novaelectrosbit", "Novaelectrosbit.csproj", "{290C91CC-04DF-49FB-98CB-0D0A7E6BF199}"
EndProject
Global
	GlobalSection(SolutionConfigurationPlatforms) = preSolution
		Debug|Any CPU = Debug|Any CPU
		Release|Any CPU = Release|Any CPU
	EndGlobalSection
	GlobalSection(ProjectConfigurationPlatforms) = postSolution
		{290C91CC-04DF-49FB-98CB-0D0A7E6BF199}.Debug|Any CPU.ActiveCfg = Debug|Any CPU
		{290C91CC-04DF-49FB-98CB-0D0A7E6BF199}.Debug|Any CPU.Build.0 = Debug|Any CPU
		{290C91CC-04DF-49FB-98CB-0D0A7E6BF199}.Release|Any CPU.ActiveCfg = Release|Any CPU
		{290C91CC-04DF-49FB-98CB-0D0A7E6BF199}.Release|Any CPU.Build.0 = Release|Any CPU
	EndGlobalSection
	GlobalSection(SolutionProperties) = preSolution
		HideSolutionNode = FALSE
	EndGlobalSection
	GlobalSection(ExtensibilityGlobals) = postSolution
		SolutionGuid = {26733AED-318E-4B36-BF79-7706E9DB98D8}
	EndGlobalSection
EndGlobal
